// !$*UTF8*$!
{
	archiveVersion = 1;
	classes = {
	};
	objectVersion = 50;
	objects = {

/* Begin PBXBuildFile section */
		213B161E21C5F8D100D483B4 /* AppDelegate.swift in Sources */ = {isa = PBXBuildFile; fileRef = 213B161D21C5F8D100D483B4 /* AppDelegate.swift */; };
		213B162021C5F8D100D483B4 /* ViewController.swift in Sources */ = {isa = PBXBuildFile; fileRef = 213B161F21C5F8D100D483B4 /* ViewController.swift */; };
		213B162321C5F8D100D483B4 /* Main.storyboard in Resources */ = {isa = PBXBuildFile; fileRef = 213B162121C5F8D100D483B4 /* Main.storyboard */; };
		213B162621C5F8D100D483B4 /* TwelfthWork_task2.xcdatamodeld in Sources */ = {isa = PBXBuildFile; fileRef = 213B162421C5F8D100D483B4 /* TwelfthWork_task2.xcdatamodeld */; };
		213B162821C5F8EF00D483B4 /* Assets.xcassets in Resources */ = {isa = PBXBuildFile; fileRef = 213B162721C5F8EF00D483B4 /* Assets.xcassets */; };
		213B162B21C5F8EF00D483B4 /* LaunchScreen.storyboard in Resources */ = {isa = PBXBuildFile; fileRef = 213B162921C5F8EF00D483B4 /* LaunchScreen.storyboard */; };
		213B163321C5F9B200D483B4 /* InsertViewController.swift in Sources */ = {isa = PBXBuildFile; fileRef = 213B163221C5F9B200D483B4 /* InsertViewController.swift */; };
		213B163521C5F9C800D483B4 /* SearchViewController.swift in Sources */ = {isa = PBXBuildFile; fileRef = 213B163421C5F9C800D483B4 /* SearchViewController.swift */; };
/* End PBXBuildFile section */

/* Begin PBXFileReference section */
		213B161A21C5F8D100D483B4 /* TwelfthWork_task2.app */ = {isa = PBXFileReference; explicitFileType = wrapper.application; includeInIndex = 0; path = TwelfthWork_task2.app; sourceTree = BUILT_PRODUCTS_DIR; };
		213B161D21C5F8D100D483B4 /* AppDelegate.swift */ = {isa = PBXFileReference; lastKnownFileType = sourcecode.swift; path = AppDelegate.swift; sourceTree = "<group>"; };
		213B161F21C5F8D100D483B4 /* ViewController.swift */ = {isa = PBXFileReference; lastKnownFileType = sourcecode.swift; path = ViewController.swift; sourceTree = "<group>"; };
		213B162221C5F8D100D483B4 /* Base */ = {isa = PBXFileReference; lastKnownFileType = file.storyboard; name = Base; path = Base.lproj/Main.storyboard; sourceTree = "<group>"; };
		213B162521C5F8D100D483B4 /* TwelfthWork_task2.xcdatamodel */ = {isa = PBXFileReference; lastKnownFileType = wrapper.xcdatamodel; path = TwelfthWork_task2.xcdatamodel; sourceTree = "<group>"; };
		213B162721C5F8EF00D483B4 /* Assets.xcassets */ = {isa = PBXFileReference; lastKnownFileType = folder.assetcatalog; path = Assets.xcassets; sourceTree = "<group>"; };
		213B162A21C5F8EF00D483B4 /* Base */ = {isa = PBXFileReference; lastKnownFileType = file.storyboard; name = Base; path = Base.lproj/LaunchScreen.storyboard; sourceTree = "<group>"; };
		213B162C21C5F8EF00D483B4 /* Info.plist */ = {isa = PBXFileReference; lastKnownFileType = text.plist.xml; path = Info.plist; sourceTree = "<group>"; };
		213B163221C5F9B200D483B4 /* InsertViewController.swift */ = {isa = PBXFileReference; lastKnownFileType = sourcecode.swift; path = InsertViewController.swift; sourceTree = "<group>"; };
		213B163421C5F9C800D483B4 /* SearchViewController.swift */ = {isa = PBXFileReference; lastKnownFileType = sourcecode.swift; path = SearchViewController.swift; sourceTree = "<group>"; };
/* End PBXFileReference section */

/* Begin PBXFrameworksBuildPhase section */
		213B161721C5F8D100D483B4 /* Frameworks */ = {
			isa = PBXFrameworksBuildPhase;
			buildActionMask = 2147483647;
			files = (
			);
			runOnlyForDeploymentPostprocessing = 0;
		};
/* End PBXFrameworksBuildPhase section */

/* Begin PBXGroup section */
		213B161121C5F8CD00D483B4 = {
			isa = PBXGroup;
			children = (
				213B161C21C5F8D100D483B4 /* TwelfthWork_task2 */,
				213B161B21C5F8D100D483B4 /* Products */,
			);
			sourceTree = "<group>";
		};
		213B161B21C5F8D100D483B4 /* Products */ = {
			isa = PBXGroup;
			children = (
				213B161A21C5F8D100D483B4 /* TwelfthWork_task2.app */,
			);
			name = Products;
			sourceTree = "<group>";
		};
		213B161C21C5F8D100D483B4 /* TwelfthWork_task2 */ = {
			isa = PBXGroup;
			children = (
				213B161D21C5F8D100D483B4 /* AppDelegate.swift */,
				213B163221C5F9B200D483B4 /* InsertViewController.swift */,
				213B161F21C5F8D100D483B4 /* ViewController.swift */,
				213B162121C5F8D100D483B4 /* Main.storyboard */,
				213B163421C5F9C800D483B4 /* SearchViewController.swift */,
				213B162721C5F8EF00D483B4 /* Assets.xcassets */,
				213B162921C5F8EF00D483B4 /* LaunchScreen.storyboard */,
				213B162C21C5F8EF00D483B4 /* Info.plist */,
				213B162421C5F8D100D483B4 /* TwelfthWork_task2.xcdatamodeld */,
			);
			path = TwelfthWork_task2;
			sourceTree = "<group>";
		};
/* End PBXGroup section */

/* Begin PBXNativeTarget section */
		213B161921C5F8D100D483B4 /* TwelfthWork_task2 */ = {
			isa = PBXNativeTarget;
			buildConfigurationList = 213B162F21C5F8EF00D483B4 /* Build configuration list for PBXNativeTarget "TwelfthWork_task2" */;
			buildPhases = (
				213B161621C5F8D100D483B4 /* Sources */,
				213B161721C5F8D100D483B4 /* Frameworks */,
				213B161821C5F8D100D483B4 /* Resources */,
			);
			buildRules = (
			);
			dependencies = (
			);
			name = TwelfthWork_task2;
			productName = TwelfthWork_task2;
			productReference = 213B161A21C5F8D100D483B4 /* TwelfthWork_task2.app */;
			productType = "com.apple.product-type.application";
		};
/* End PBXNativeTarget section */

/* Begin PBXProject section */
		213B161221C5F8D000D483B4 /* Project object */ = {
			isa = PBXProject;
			attributes = {
				LastSwiftUpdateCheck = 1000;
				LastUpgradeCheck = 1000;
				ORGANIZATIONNAME = 2016110342;
				TargetAttributes = {
					213B161921C5F8D100D483B4 = {
						CreatedOnToolsVersion = 10.0;
					};
				};
			};
			buildConfigurationList = 213B161521C5F8D000D483B4 /* Build configuration list for PBXProject "TwelfthWork_task2" */;
			compatibilityVersion = "Xcode 9.3";
			developmentRegion = en;
			hasScannedForEncodings = 0;
			knownRegions = (
				en,
				Base,
			);
			mainGroup = 213B161121C5F8CD00D483B4;
			productRefGroup = 213B161B21C5F8D100D483B4 /* Products */;
			projectDirPath = "";
			projectRoot = "";
			targets = (
				213B161921C5F8D100D483B4 /* TwelfthWork_task2 */,
			);
		};
/* End PBXProject section */

/* Begin PBXResourcesBuildPhase section */
		213B161821C5F8D100D483B4 /* Resources */ = {
			isa = PBXResourcesBuildPhase;
			buildActionMask = 2147483647;
			files = (
				213B162B21C5F8EF00D483B4 /* LaunchScreen.storyboard in Resources */,
				213B162821C5F8EF00D483B4 /* Assets.xcassets in Resources */,
				213B162321C5F8D100D483B4 /* Main.storyboard in Resources */,
			);
			runOnlyForDeploymentPostprocessing = 0;
		};
/* End PBXResourcesBuildPhase section */

/* Begin PBXSourcesBuildPhase section */
		213B161621C5F8D100D483B4 /* Sources */ = {
			isa = PBXSourcesBuildPhase;
			buildActionMask = 2147483647;
			files = (
				213B163521C5F9C800D483B4 /* SearchViewController.swift in Sources */,
				213B162021C5F8D100D483B4 /* ViewController.swift in Sources */,
				213B163321C5F9B200D483B4 /* InsertViewController.swift in Sources */,
				213B161E21C5F8D100D483B4 /* AppDelegate.swift in Sources */,
				213B162621C5F8D100D483B4 /* TwelfthWork_task2.xcdatamodeld in Sources */,
			);
			runOnlyForDeploymentPostprocessing = 0;
		};
/* End PBXSourcesBuildPhase section */

/* Begin PBXVariantGroup section */
		213B162121C5F8D100D483B4 /* Main.storyboard */ = {
			isa = PBXVariantGroup;
			children = (
				213B162221C5F8D100D483B4 /* Base */,
			);
			name = Main.storyboard;
			sourceTree = "<group>";
		};
		213B162921C5F8EF00D483B4 /* LaunchScreen.storyboard */ = {
			isa = PBXVariantGroup;
			children = (
				213B162A21C5F8EF00D483B4 /* Base */,
			);
			name = LaunchScreen.storyboard;
			sourceTree = "<group>";
		};
/* End PBXVariantGroup section */

/* Begin XCBuildConfiguration section */
		213B162D21C5F8EF00D483B4 /* Debug */ = {
			isa = XCBuildConfiguration;
			buildSettings = {
				ALWAYS_SEARCH_USER_PATHS = NO;
				CLANG_ANALYZER_NONNULL = YES;
				CLANG_ANALYZER_NUMBER_OBJECT_CONVERSION = YES_AGGRESSIVE;
				CLANG_CXX_LANGUAGE_STANDARD = "gnu++14";
				CLANG_CXX_LIBRARY = "libc++";
				CLANG_ENABLE_MODULES = YES;
				CLANG_ENABLE_OBJC_ARC = YES;
				CLANG_ENABLE_OBJC_WEAK = YES;
				CLANG_WARN_BLOCK_CAPTURE_AUTORELEASING = YES;
				CLANG_WARN_BOOL_CONVERSION = YES;
				CLANG_WARN_COMMA = YES;
				CLANG_WARN_CONSTANT_CONVERSION = YES;
				CLANG_WARN_DEPRECATED_OBJC_IMPLEMENTATIONS = YES;
				CLANG_WARN_DIRECT_OBJC_ISA_USAGE = YES_ERROR;
				CLANG_WARN_DOCUMENTATION_COMMENTS = YES;
				CLANG_WARN_EMPTY_BODY = YES;
				CLANG_WARN_ENUM_CONVERSION = YES;
				CLANG_WARN_INFINITE_RECURSION = YES;
				CLANG_WARN_INT_CONVERSION = YES;
				CLANG_WARN_NON_LITERAL_NULL_CONVERSION = YES;
				CLANG_WARN_OBJC_IMPLICIT_RETAIN_SELF = YES;
				CLANG_WARN_OBJC_LITERAL_CONVERSION = YES;
				CLANG_WARN_OBJC_ROOT_CLASS = YES_ERROR;
				CLANG_WARN_RANGE_LOOP_ANALYSIS = YES;
				CLANG_WARN_STRICT_PROTOTYPES = YES;
				CLANG_WARN_SUSPICIOUS_MOVE = YES;
				CLANG_WARN_UNGUARDED_AVAILABILITY = YES_AGGRESSIVE;
				CLANG_WARN_UNREACHABLE_CODE = YES;
				CLANG_WARN__DUPLICATE_METHOD_MATCH = YES;
				CODE_SIGN_IDENTITY = "iPhone Developer";
				COPY_PHASE_STRIP = NO;
				DEBUG_INFORMATION_FORMAT = dwarf;
				ENABLE_STRICT_OBJC_MSGSEND = YES;
				ENABLE_TESTABILITY = YES;
				GCC_C_LANGUAGE_STANDARD = gnu11;
				GCC_DYNAMIC_NO_PIC = NO;
				GCC_NO_COMMON_BLOCKS = YES;
				GCC_OPTIMIZATION_LEVEL = 0;
				GCC_PREPROCESSOR_DEFINITIONS = (
					"DEBUG=1",
					"$(inherited)",
				);
				GCC_WARN_64_TO_32_BIT_CONVERSION = YES;
				GCC_WARN_ABOUT_RETURN_TYPE = YES_ERROR;
				GCC_WARN_UNDECLARED_SELECTOR = YES;
				GCC_WARN_UNINITIALIZED_AUTOS = YES_AGGRESSIVE;
				GCC_WARN_UNUSED_FUNCTION = YES;
				GCC_WARN_UNUSED_VARIABLE = YES;
				IPHONEOS_DEPLOYMENT_TARGET = 12.0;
				MTL_ENABLE_DEBUG_INFO = INCLUDE_SOURCE;
				MTL_FAST_MATH = YES;
				ONLY_ACTIVE_ARCH = YES;
				SDKROOT = iphoneos;
				SWIFT_ACTIVE_COMPILATION_CONDITIONS = DEBUG;
				SWIFT_OPTIMIZATION_LEVEL = "-Onone";
			};
			name = Debug;
		};
		213B162E21C5F8EF00D483B4 /* Release */ = {
			isa = XCBuildConfiguration;
			buildSettings = {
				ALWAYS_SEARCH_USER_PATHS = NO;
				CLANG_ANALYZER_NONNULL = YES;
				CLANG_ANALYZER_NUMBER_OBJECT_CONVERSION = YES_AGGRESSIVE;
				CLANG_CXX_LANGUAGE_STANDARD = "gnu++14";
				CLANG_CXX_LIBRARY = "libc++";
				CLANG_ENABLE_MODULES = YES;
				CLANG_ENABLE_OBJC_ARC = YES;
				CLANG_ENABLE_OBJC_WEAK = YES;
				CLANG_WARN_BLOCK_CAPTURE_AUTORELEASING = YES;
				CLANG_WARN_BOOL_CONVERSION = YES;
				CLANG_WARN_COMMA = YES;
				CLANG_WARN_CONSTANT_CONVERSION = YES;
				CLANG_WARN_DEPRECATED_OBJC_IMPLEMENTATIONS = YES;
				CLANG_WARN_DIRECT_OBJC_ISA_USAGE = YES_ERROR;
				CLANG_WARN_DOCUMENTATION_COMMENTS = YES;
				CLANG_WARN_EMPTY_BODY = YES;
				CLANG_WARN_ENUM_CONVERSION = YES;
				CLANG_WARN_INFINITE_RECURSION = YES;
				CLANG_WARN_INT_CONVERSION = YES;
				CLANG_WARN_NON_LITERAL_NULL_CONVERSION = YES;
				CLANG_WARN_OBJC_IMPLICIT_RETAIN_SELF = YES;
				CLANG_WARN_OBJC_LITERAL_CONVERSION = YES;
				CLANG_WARN_OBJC_ROOT_CLASS = YES_ERROR;
				CLANG_WARN_RANGE_LOOP_ANALYSIS = YES;
				CLANG_WARN_STRICT_PROTOTYPES = YES;
				CLANG_WARN_SUSPICIOUS_MOVE = YES;
				CLANG_WARN_UNGUARDED_AVAILABILITY = YES_AGGRESSIVE;
				CLANG_WARN_UNREACHABLE_CODE = YES;
				CLANG_WARN__DUPLICATE_METHOD_MATCH = YES;
				CODE_SIGN_IDENTITY = "iPhone Developer";
				COPY_PHASE_STRIP = NO;
				DEBUG_INFORMATION_FORMAT = "dwarf-with-dsym";
				ENABLE_NS_ASSERTIONS = NO;
				ENABLE_STRICT_OBJC_MSGSEND = YES;
				GCC_C_LANGUAGE_STANDARD = gnu11;
				GCC_NO_COMMON_BLOCKS = YES;
				GCC_WARN_64_TO_32_BIT_CONVERSION = YES;
				GCC_WARN_ABOUT_RETURN_TYPE = YES_ERROR;
				GCC_WARN_UNDECLARED_SELECTOR = YES;
				GCC_WARN_UNINITIALIZED_AUTOS = YES_AGGRESSIVE;
				GCC_WARN_UNUSED_FUNCTION = YES;
				GCC_WARN_UNUSED_VARIABLE = YES;
				IPHONEOS_DEPLOYMENT_TARGET = 12.0;
				MTL_ENABLE_DEBUG_INFO = NO;
				MTL_FAST_MATH = YES;
				SDKROOT = iphoneos;
				SWIFT_COMPILATION_MODE = wholemodule;
				SWIFT_OPTIMIZATION_LEVEL = "-O";
				VALIDATE_PRODUCT = YES;
			};
			name = Release;
		};
		213B163021C5F8EF00D483B4 /* Debug */ = {
			isa = XCBuildConfiguration;
			buildSettings = {
				ASSETCATALOG_COMPILER_APPICON_NAME = AppIcon;
				CODE_SIGN_STYLE = Automatic;
				INFOPLIST_FILE = TwelfthWork_task2/Info.plist;
				LD_RUNPATH_SEARCH_PATHS = (
					"$(inherited)",
					"@executable_path/Frameworks",
				);
				PRODUCT_BUNDLE_IDENTIFIER = "XJW.TwelfthWork-task2";
				PRODUCT_NAME = "$(TARGET_NAME)";
				SWIFT_VERSION = 4.2;
				TARGETED_DEVICE_FAMILY = "1,2";
			};
			name = Debug;
		};
		213B163121C5F8EF00D483B4 /* Release */ = {
			isa = XCBuildConfiguration;
			buildSettings = {
				ASSETCATALOG_COMPILER_APPICON_NAME = AppIcon;
				CODE_SIGN_STYLE = Automatic;
				INFOPLIST_FILE = TwelfthWork_task2/Info.plist;
				LD_RUNPATH_SEARCH_PATHS = (
					"$(inherited)",
					"@executable_path/Frameworks",
				);
				PRODUCT_BUNDLE_IDENTIFIER = "XJW.TwelfthWork-task2";
				PRODUCT_NAME = "$(TARGET_NAME)";
				SWIFT_VERSION = 4.2;
				TARGETED_DEVICE_FAMILY = "1,2";
			};
			name = Release;
		};
/* End XCBuildConfiguration section */

/* Begin XCConfigurationList section */
		213B161521C5F8D000D483B4 /* Build configuration list for PBXProject "TwelfthWork_task2" */ = {
			isa = XCConfigurationList;
			buildConfigurations = (
				213B162D21C5F8EF00D483B4 /* Debug */,
				213B162E21C5F8EF00D483B4 /* Release */,
			);
			defaultConfigurationIsVisible = 0;
			defaultConfigurationName = Release;
		};
		213B162F21C5F8EF00D483B4 /* Build configuration list for PBXNativeTarget "TwelfthWork_task2" */ = {
			isa = XCConfigurationList;
			buildConfigurations = (
				213B163021C5F8EF00D483B4 /* Debug */,
				213B163121C5F8EF00D483B4 /* Release */,
			);
			defaultConfigurationIsVisible = 0;
			defaultConfigurationName = Release;
		};
/* End XCConfigurationList section */

/* Begin XCVersionGroup section */
		213B162421C5F8D100D483B4 /* TwelfthWork_task2.xcdatamodeld */ = {
			isa = XCVersionGroup;
			children = (
				213B162521C5F8D100D483B4 /* TwelfthWork_task2.xcdatamodel */,
			);
			currentVersion = 213B162521C5F8D100D483B4 /* TwelfthWork_task2.xcdatamodel */;
			path = TwelfthWork_task2.xcdatamodeld;
			sourceTree = "<group>";
			versionGroupType = wrapper.xcdatamodel;
		};
/* End XCVersionGroup section */
	};
	rootObject = 213B161221C5F8D000D483B4 /* Project object */;
}
